
Microsoft Visual Studio Solution File, Format Version 12.00
# Visual Studio Version 17
VisualStudioVersion = 17.5.001.0
MinimumVisualStudioVersion = 10.0.40219.1
Project("{9A19103F-16F7-4668-BE54-9A1E7A4F7556}") = "CandTmod", "CandTmod.csproj", "{4C1021E2-C41F-43CC-ADE0-B3407D728160}"
EndProject
Global
	GlobalSection(SolutionConfigurationPlatforms) = preSolution
		Debug|Any CPU = Debug|Any CPU
		Release|Any CPU = Release|Any CPU
	EndGlobalSection
	GlobalSection(ProjectConfigurationPlatforms) = postSolution
		{4C1021E2-C41F-43CC-ADE0-B3407D728160}.Debug|Any CPU.ActiveCfg = Debug|Any CPU
		{4C1021E2-C41F-43CC-ADE0-B3407D728160}.Debug|Any CPU.Build.0 = Debug|Any CPU
		{4C1021E2-C41F-43CC-ADE0-B3407D728160}.Release|Any CPU.ActiveCfg = Release|Any CPU
		{4C1021E2-C41F-43CC-ADE0-B3407D728160}.Release|Any CPU.Build.0 = Release|Any CPU
	EndGlobalSection
	GlobalSection(SolutionProperties) = preSolution
		HideSolutionNode = FALSE
	EndGlobalSection
	GlobalSection(ExtensibilityGlobals) = postSolution
		SolutionGuid = {D7DAB91D-D3C4-4702-A778-8C20C46FBE43}
	EndGlobalSection
EndGlobal
